
Microsoft Visual Studio Solution File, Format Version 12.00
# Visual Studio Version 16
VisualStudioVersion = 16.0.31729.503
MinimumVisualStudioVersion = 10.0.40219.1
Project("{9A19103F-16F7-4668-BE54-9A1E7A4F7556}") = "Poker", "Poker\Poker.csproj", "{4C6102CE-9C55-4F97-B068-3950D38532D0}"
EndProject
Global
	GlobalSection(SolutionConfigurationPlatforms) = preSolution
		Debug|Any CPU = Debug|Any CPU
		Release|Any CPU = Release|Any CPU
	EndGlobalSection
	GlobalSection(ProjectConfigurationPlatforms) = postSolution
		{4C6102CE-9C55-4F97-B068-3950D38532D0}.Debug|Any CPU.ActiveCfg = Debug|Any CPU
		{4C6102CE-9C55-4F97-B068-3950D38532D0}.Debug|Any CPU.Build.0 = Debug|Any CPU
		{4C6102CE-9C55-4F97-B068-3950D38532D0}.Release|Any CPU.ActiveCfg = Release|Any CPU
		{4C6102CE-9C55-4F97-B068-3950D38532D0}.Release|Any CPU.Build.0 = Release|Any CPU
	EndGlobalSection
	GlobalSection(SolutionProperties) = preSolution
		HideSolutionNode = FALSE
	EndGlobalSection
	GlobalSection(ExtensibilityGlobals) = postSolution
		SolutionGuid = {3E69EAAC-99A9-4F09-8FC9-DCA1619E757F}
	EndGlobalSection
EndGlobal
